
Microsoft Visual Studio Solution File, Format Version 12.00
# Visual Studio Version 17
VisualStudioVersion = 17.3.32811.315
MinimumVisualStudioVersion = 10.0.40219.1
Project("{2150E333-8FDC-42A3-9474-1A3956D46DE8}") = "src", "src", "{D539AF33-3750-4985-AF54-94DC434086BC}"
EndProject
Project("{2150E333-8FDC-42A3-9474-1A3956D46DE8}") = "test", "test", "{C05F7435-FB3B-4941-B804-0F00D2D709A4}"
EndProject
Project("{9A19103F-16F7-4668-BE54-9A1E7A4F7556}") = "JsonPathConverter.JsonSoure.HttpApi", "src\JsonPathConverter.JsonSoure.HttpApi\JsonPathConverter.JsonSoure.HttpApi.csproj", "{CC05898E-35E9-4268-A1A8-C9CF061A56E7}"
EndProject
Project("{9A19103F-16F7-4668-BE54-9A1E7A4F7556}") = "JsonPathConverter.Abstractions", "src\JsonPathConverter.Abstractions\JsonPathConverter.Abstractions.csproj", "{81C6E9B8-C853-4651-9D16-ABC0DA32C8CF}"
EndProject
Project("{9A19103F-16F7-4668-BE54-9A1E7A4F7556}") = "JsonPathConverter.JsonSource.HttpApi.Test", "test\JsonPathConverter.JsonSource.HttpApi.Test\JsonPathConverter.JsonSource.HttpApi.Test.csproj", "{3841DDAE-F65B-4B4A-B69F-77A2D315B54C}"
EndProject
Project("{9A19103F-16F7-4668-BE54-9A1E7A4F7556}") = "JsonPathConverter.ColumnMapper.NewObject", "src\JsonPathConverter.ColumnMapper.NewObject\JsonPathConverter.ColumnMapper.NewObject.csproj", "{19B471E2-DE4F-4B03-8E7F-59021B19A695}"
EndProject
Project("{9A19103F-16F7-4668-BE54-9A1E7A4F7556}") = "JsonPathConverter.ColumnMapper.ReplaceKey", "src\JsonPathConverter.ColumnMapper.ReplaceKey\JsonPathConverter.ColumnMapper.ReplaceKey.csproj", "{AC3BD566-41E6-42A5-A725-17FAA855612B}"
EndProject
Project("{9A19103F-16F7-4668-BE54-9A1E7A4F7556}") = "JsonPathConverter.ColumnMapper.ReplaceKey.Test", "test\JsonPathConverter.ColumnMapper.ReplaceKey.Test\JsonPathConverter.ColumnMapper.ReplaceKey.Test.csproj", "{0916B7F4-9986-41A6-901B-B2DB64C690E2}"
EndProject
Project("{9A19103F-16F7-4668-BE54-9A1E7A4F7556}") = "JsonPathConverter.ColumnMapper.NewObject.Test", "test\JsonPathConverter.ColumnMapper.NewObject.Test\JsonPathConverter.ColumnMapper.NewObject.Test.csproj", "{0F4B2F13-F823-402B-BF3F-7A5EA6BF13E9}"
EndProject
Project("{9A19103F-16F7-4668-BE54-9A1E7A4F7556}") = "JsonPathConverter.JsonSource.HttpApi.Abstractions", "src\JsonPathConverter.JsonSource.HttpApi.Abstractions\JsonPathConverter.JsonSource.HttpApi.Abstractions.csproj", "{A6FF04A9-E596-4ECD-9DF4-F85C46C6AE94}"
EndProject
Project("{9A19103F-16F7-4668-BE54-9A1E7A4F7556}") = "JsonPathConverter.Newtonsoft.Helper", "src\JsonPathConverter.Newtonsoft.Helper\JsonPathConverter.Newtonsoft.Helper.csproj", "{0B3F737B-82C2-4705-9B4D-1DA3B5FAEA66}"
EndProject
Project("{9A19103F-16F7-4668-BE54-9A1E7A4F7556}") = "JsonPathConverter.Newtonsoft.Helper.Test", "test\JsonPathConverter.Newtonsoft.Helper.Test\JsonPathConverter.Newtonsoft.Helper.Test.csproj", "{DE857709-18B9-4F14-B305-AFDB05CDC98F}"
EndProject
Project("{9A19103F-16F7-4668-BE54-9A1E7A4F7556}") = "JsonPathConverter.JsonSource.HttpApi.Oauth", "..\..\..\Company\Code\jsonpathconverter\src\JsonPathConverter.JsonSource.HttpApi.Oauth\JsonPathConverter.JsonSource.HttpApi.Oauth.csproj", "{A64B8FE2-D406-4442-8991-17820A04878C}"
EndProject
Global
	GlobalSection(SolutionConfigurationPlatforms) = preSolution
		Debug|Any CPU = Debug|Any CPU
		Release|Any CPU = Release|Any CPU
	EndGlobalSection
	GlobalSection(ProjectConfigurationPlatforms) = postSolution
		{CC05898E-35E9-4268-A1A8-C9CF061A56E7}.Debug|Any CPU.ActiveCfg = Debug|Any CPU
		{CC05898E-35E9-4268-A1A8-C9CF061A56E7}.Debug|Any CPU.Build.0 = Debug|Any CPU
		{CC05898E-35E9-4268-A1A8-C9CF061A56E7}.Release|Any CPU.ActiveCfg = Release|Any CPU
		{CC05898E-35E9-4268-A1A8-C9CF061A56E7}.Release|Any CPU.Build.0 = Release|Any CPU
		{81C6E9B8-C853-4651-9D16-ABC0DA32C8CF}.Debug|Any CPU.ActiveCfg = Debug|Any CPU
		{81C6E9B8-C853-4651-9D16-ABC0DA32C8CF}.Debug|Any CPU.Build.0 = Debug|Any CPU
		{81C6E9B8-C853-4651-9D16-ABC0DA32C8CF}.Release|Any CPU.ActiveCfg = Release|Any CPU
		{81C6E9B8-C853-4651-9D16-ABC0DA32C8CF}.Release|Any CPU.Build.0 = Release|Any CPU
		{3841DDAE-F65B-4B4A-B69F-77A2D315B54C}.Debug|Any CPU.ActiveCfg = Debug|Any CPU
		{3841DDAE-F65B-4B4A-B69F-77A2D315B54C}.Debug|Any CPU.Build.0 = Debug|Any CPU
		{3841DDAE-F65B-4B4A-B69F-77A2D315B54C}.Release|Any CPU.ActiveCfg = Release|Any CPU
		{3841DDAE-F65B-4B4A-B69F-77A2D315B54C}.Release|Any CPU.Build.0 = Release|Any CPU
		{19B471E2-DE4F-4B03-8E7F-59021B19A695}.Debug|Any CPU.ActiveCfg = Debug|Any CPU
		{19B471E2-DE4F-4B03-8E7F-59021B19A695}.Debug|Any CPU.Build.0 = Debug|Any CPU
		{19B471E2-DE4F-4B03-8E7F-59021B19A695}.Release|Any CPU.ActiveCfg = Release|Any CPU
		{19B471E2-DE4F-4B03-8E7F-59021B19A695}.Release|Any CPU.Build.0 = Release|Any CPU
		{AC3BD566-41E6-42A5-A725-17FAA855612B}.Debug|Any CPU.ActiveCfg = Debug|Any CPU
		{AC3BD566-41E6-42A5-A725-17FAA855612B}.Debug|Any CPU.Build.0 = Debug|Any CPU
		{AC3BD566-41E6-42A5-A725-17FAA855612B}.Release|Any CPU.ActiveCfg = Release|Any CPU
		{AC3BD566-41E6-42A5-A725-17FAA855612B}.Release|Any CPU.Build.0 = Release|Any CPU
		{0916B7F4-9986-41A6-901B-B2DB64C690E2}.Debug|Any CPU.ActiveCfg = Debug|Any CPU
		{0916B7F4-9986-41A6-901B-B2DB64C690E2}.Debug|Any CPU.Build.0 = Debug|Any CPU
		{0916B7F4-9986-41A6-901B-B2DB64C690E2}.Release|Any CPU.ActiveCfg = Release|Any CPU
		{0916B7F4-9986-41A6-901B-B2DB64C690E2}.Release|Any CPU.Build.0 = Release|Any CPU
		{0F4B2F13-F823-402B-BF3F-7A5EA6BF13E9}.Debug|Any CPU.ActiveCfg = Debug|Any CPU
		{0F4B2F13-F823-402B-BF3F-7A5EA6BF13E9}.Debug|Any CPU.Build.0 = Debug|Any CPU
		{0F4B2F13-F823-402B-BF3F-7A5EA6BF13E9}.Release|Any CPU.ActiveCfg = Release|Any CPU
		{0F4B2F13-F823-402B-BF3F-7A5EA6BF13E9}.Release|Any CPU.Build.0 = Release|Any CPU
		{A6FF04A9-E596-4ECD-9DF4-F85C46C6AE94}.Debug|Any CPU.ActiveCfg = Debug|Any CPU
		{A6FF04A9-E596-4ECD-9DF4-F85C46C6AE94}.Debug|Any CPU.Build.0 = Debug|Any CPU
		{A6FF04A9-E596-4ECD-9DF4-F85C46C6AE94}.Release|Any CPU.ActiveCfg = Release|Any CPU
		{A6FF04A9-E596-4ECD-9DF4-F85C46C6AE94}.Release|Any CPU.Build.0 = Release|Any CPU
		{0B3F737B-82C2-4705-9B4D-1DA3B5FAEA66}.Debug|Any CPU.ActiveCfg = Debug|Any CPU
		{0B3F737B-82C2-4705-9B4D-1DA3B5FAEA66}.Debug|Any CPU.Build.0 = Debug|Any CPU
		{0B3F737B-82C2-4705-9B4D-1DA3B5FAEA66}.Release|Any CPU.ActiveCfg = Release|Any CPU
		{0B3F737B-82C2-4705-9B4D-1DA3B5FAEA66}.Release|Any CPU.Build.0 = Release|Any CPU
		{DE857709-18B9-4F14-B305-AFDB05CDC98F}.Debug|Any CPU.ActiveCfg = Debug|Any CPU
		{DE857709-18B9-4F14-B305-AFDB05CDC98F}.Debug|Any CPU.Build.0 = Debug|Any CPU
		{DE857709-18B9-4F14-B305-AFDB05CDC98F}.Release|Any CPU.ActiveCfg = Release|Any CPU
		{DE857709-18B9-4F14-B305-AFDB05CDC98F}.Release|Any CPU.Build.0 = Release|Any CPU
		{A64B8FE2-D406-4442-8991-17820A04878C}.Debug|Any CPU.ActiveCfg = Debug|Any CPU
		{A64B8FE2-D406-4442-8991-17820A04878C}.Debug|Any CPU.Build.0 = Debug|Any CPU
		{A64B8FE2-D406-4442-8991-17820A04878C}.Release|Any CPU.ActiveCfg = Release|Any CPU
		{A64B8FE2-D406-4442-8991-17820A04878C}.Release|Any CPU.Build.0 = Release|Any CPU
	EndGlobalSection
	GlobalSection(SolutionProperties) = preSolution
		HideSolutionNode = FALSE
	EndGlobalSection
	GlobalSection(NestedProjects) = preSolution
		{CC05898E-35E9-4268-A1A8-C9CF061A56E7} = {D539AF33-3750-4985-AF54-94DC434086BC}
		{81C6E9B8-C853-4651-9D16-ABC0DA32C8CF} = {D539AF33-3750-4985-AF54-94DC434086BC}
		{3841DDAE-F65B-4B4A-B69F-77A2D315B54C} = {C05F7435-FB3B-4941-B804-0F00D2D709A4}
		{19B471E2-DE4F-4B03-8E7F-59021B19A695} = {D539AF33-3750-4985-AF54-94DC434086BC}
		{AC3BD566-41E6-42A5-A725-17FAA855612B} = {D539AF33-3750-4985-AF54-94DC434086BC}
		{0916B7F4-9986-41A6-901B-B2DB64C690E2} = {C05F7435-FB3B-4941-B804-0F00D2D709A4}
		{0F4B2F13-F823-402B-BF3F-7A5EA6BF13E9} = {C05F7435-FB3B-4941-B804-0F00D2D709A4}
		{A6FF04A9-E596-4ECD-9DF4-F85C46C6AE94} = {D539AF33-3750-4985-AF54-94DC434086BC}
		{0B3F737B-82C2-4705-9B4D-1DA3B5FAEA66} = {D539AF33-3750-4985-AF54-94DC434086BC}
		{DE857709-18B9-4F14-B305-AFDB05CDC98F} = {C05F7435-FB3B-4941-B804-0F00D2D709A4}
		{A64B8FE2-D406-4442-8991-17820A04878C} = {D539AF33-3750-4985-AF54-94DC434086BC}
	EndGlobalSection
	GlobalSection(ExtensibilityGlobals) = postSolution
		SolutionGuid = {3FC65FB8-37D5-4D11-BD7E-C532587C97B7}
	EndGlobalSection
EndGlobal
