
Microsoft Visual Studio Solution File, Format Version 12.00
# Visual Studio Version 17
VisualStudioVersion = 17.3.32811.315
MinimumVisualStudioVersion = 10.0.40219.1
Project("{2150E333-8FDC-42A3-9474-1A3956D46DE8}") = "src", "src", "{D539AF33-3750-4985-AF54-94DC434086BC}"
EndProject
Project("{2150E333-8FDC-42A3-9474-1A3956D46DE8}") = "test", "test", "{C05F7435-FB3B-4941-B804-0F00D2D709A4}"
EndProject
Project("{9A19103F-16F7-4668-BE54-9A1E7A4F7556}") = "JsonPathConverter.HttpApi", "src\JsonPathConverter.HttpApi\JsonPathConverter.HttpApi.csproj", "{43931143-7ABF-487A-A8DF-052BD2AA1641}"
EndProject
Project("{9A19103F-16F7-4668-BE54-9A1E7A4F7556}") = "JsonPathConverter.Interface", "src\JsonPathConverter.Interface\JsonPathConverter.Interface.csproj", "{BE05798B-1F66-4F90-B694-7AF00EF7444A}"
EndProject
Project("{9A19103F-16F7-4668-BE54-9A1E7A4F7556}") = "JsonPathConverter.DefaultColumnMapper", "src\JsonPathConverter.Mapper\JsonPathConverter.DefaultColumnMapper.csproj", "{BD38C2FE-7B16-40DC-BF0D-98432A8A2052}"
EndProject
Project("{9A19103F-16F7-4668-BE54-9A1E7A4F7556}") = "JsonPathConverter.HttpApi.Test", "test\JsonPathConverter.HttpApi.Test\JsonPathConverter.HttpApi.Test.csproj", "{A7D91B9B-7309-4581-B5BC-6DCD592D2004}"
EndProject
Global
	GlobalSection(SolutionConfigurationPlatforms) = preSolution
		Debug|Any CPU = Debug|Any CPU
		Release|Any CPU = Release|Any CPU
	EndGlobalSection
	GlobalSection(ProjectConfigurationPlatforms) = postSolution
		{43931143-7ABF-487A-A8DF-052BD2AA1641}.Debug|Any CPU.ActiveCfg = Debug|Any CPU
		{43931143-7ABF-487A-A8DF-052BD2AA1641}.Debug|Any CPU.Build.0 = Debug|Any CPU
		{43931143-7ABF-487A-A8DF-052BD2AA1641}.Release|Any CPU.ActiveCfg = Release|Any CPU
		{43931143-7ABF-487A-A8DF-052BD2AA1641}.Release|Any CPU.Build.0 = Release|Any CPU
		{BE05798B-1F66-4F90-B694-7AF00EF7444A}.Debug|Any CPU.ActiveCfg = Debug|Any CPU
		{BE05798B-1F66-4F90-B694-7AF00EF7444A}.Debug|Any CPU.Build.0 = Debug|Any CPU
		{BE05798B-1F66-4F90-B694-7AF00EF7444A}.Release|Any CPU.ActiveCfg = Release|Any CPU
		{BE05798B-1F66-4F90-B694-7AF00EF7444A}.Release|Any CPU.Build.0 = Release|Any CPU
		{BD38C2FE-7B16-40DC-BF0D-98432A8A2052}.Debug|Any CPU.ActiveCfg = Debug|Any CPU
		{BD38C2FE-7B16-40DC-BF0D-98432A8A2052}.Debug|Any CPU.Build.0 = Debug|Any CPU
		{BD38C2FE-7B16-40DC-BF0D-98432A8A2052}.Release|Any CPU.ActiveCfg = Release|Any CPU
		{BD38C2FE-7B16-40DC-BF0D-98432A8A2052}.Release|Any CPU.Build.0 = Release|Any CPU
		{A7D91B9B-7309-4581-B5BC-6DCD592D2004}.Debug|Any CPU.ActiveCfg = Debug|Any CPU
		{A7D91B9B-7309-4581-B5BC-6DCD592D2004}.Debug|Any CPU.Build.0 = Debug|Any CPU
		{A7D91B9B-7309-4581-B5BC-6DCD592D2004}.Release|Any CPU.ActiveCfg = Release|Any CPU
		{A7D91B9B-7309-4581-B5BC-6DCD592D2004}.Release|Any CPU.Build.0 = Release|Any CPU
	EndGlobalSection
	GlobalSection(SolutionProperties) = preSolution
		HideSolutionNode = FALSE
	EndGlobalSection
	GlobalSection(NestedProjects) = preSolution
		{43931143-7ABF-487A-A8DF-052BD2AA1641} = {D539AF33-3750-4985-AF54-94DC434086BC}
		{BE05798B-1F66-4F90-B694-7AF00EF7444A} = {D539AF33-3750-4985-AF54-94DC434086BC}
		{BD38C2FE-7B16-40DC-BF0D-98432A8A2052} = {D539AF33-3750-4985-AF54-94DC434086BC}
		{A7D91B9B-7309-4581-B5BC-6DCD592D2004} = {C05F7435-FB3B-4941-B804-0F00D2D709A4}
	EndGlobalSection
	GlobalSection(ExtensibilityGlobals) = postSolution
		SolutionGuid = {3FC65FB8-37D5-4D11-BD7E-C532587C97B7}
	EndGlobalSection
EndGlobal
