
Microsoft Visual Studio Solution File, Format Version 12.00
# Visual Studio Version 17
VisualStudioVersion = 17.3.32811.315
MinimumVisualStudioVersion = 10.0.40219.1
Project("{9A19103F-16F7-4668-BE54-9A1E7A4F7556}") = "JsonPathConverter.DefaultColumnMapper", "JsonPathConverter.Mapper\JsonPathConverter.DefaultColumnMapper.csproj", "{9C98F129-997A-46C4-8445-EA67F6A4C95E}"
EndProject
Project("{9A19103F-16F7-4668-BE54-9A1E7A4F7556}") = "JsonPathConverter.Interface", "JsonPathConverter.Interface\JsonPathConverter.Interface.csproj", "{871308CD-4456-4427-989C-C1A15E539FF0}"
EndProject
Project("{9A19103F-16F7-4668-BE54-9A1E7A4F7556}") = "JsonPathConverter.HttpApi", "JsonPathConverter.HttpApi\JsonPathConverter.HttpApi.csproj", "{13C44BE3-1915-4A35-921D-B6BBFBC6854C}"
EndProject
Project("{9A19103F-16F7-4668-BE54-9A1E7A4F7556}") = "JsonPathConverter.HttpApi.Test", "JsonPathConverter.HttpApi.Test\JsonPathConverter.HttpApi.Test.csproj", "{9B6B7A02-7D0A-4317-9F08-6E98B77DB26C}"
EndProject
Global
	GlobalSection(SolutionConfigurationPlatforms) = preSolution
		Debug|Any CPU = Debug|Any CPU
		Release|Any CPU = Release|Any CPU
	EndGlobalSection
	GlobalSection(ProjectConfigurationPlatforms) = postSolution
		{9C98F129-997A-46C4-8445-EA67F6A4C95E}.Debug|Any CPU.ActiveCfg = Debug|Any CPU
		{9C98F129-997A-46C4-8445-EA67F6A4C95E}.Debug|Any CPU.Build.0 = Debug|Any CPU
		{9C98F129-997A-46C4-8445-EA67F6A4C95E}.Release|Any CPU.ActiveCfg = Release|Any CPU
		{9C98F129-997A-46C4-8445-EA67F6A4C95E}.Release|Any CPU.Build.0 = Release|Any CPU
		{871308CD-4456-4427-989C-C1A15E539FF0}.Debug|Any CPU.ActiveCfg = Debug|Any CPU
		{871308CD-4456-4427-989C-C1A15E539FF0}.Debug|Any CPU.Build.0 = Debug|Any CPU
		{871308CD-4456-4427-989C-C1A15E539FF0}.Release|Any CPU.ActiveCfg = Release|Any CPU
		{871308CD-4456-4427-989C-C1A15E539FF0}.Release|Any CPU.Build.0 = Release|Any CPU
		{13C44BE3-1915-4A35-921D-B6BBFBC6854C}.Debug|Any CPU.ActiveCfg = Debug|Any CPU
		{13C44BE3-1915-4A35-921D-B6BBFBC6854C}.Debug|Any CPU.Build.0 = Debug|Any CPU
		{13C44BE3-1915-4A35-921D-B6BBFBC6854C}.Release|Any CPU.ActiveCfg = Release|Any CPU
		{13C44BE3-1915-4A35-921D-B6BBFBC6854C}.Release|Any CPU.Build.0 = Release|Any CPU
		{9B6B7A02-7D0A-4317-9F08-6E98B77DB26C}.Debug|Any CPU.ActiveCfg = Debug|Any CPU
		{9B6B7A02-7D0A-4317-9F08-6E98B77DB26C}.Debug|Any CPU.Build.0 = Debug|Any CPU
		{9B6B7A02-7D0A-4317-9F08-6E98B77DB26C}.Release|Any CPU.ActiveCfg = Release|Any CPU
		{9B6B7A02-7D0A-4317-9F08-6E98B77DB26C}.Release|Any CPU.Build.0 = Release|Any CPU
	EndGlobalSection
	GlobalSection(SolutionProperties) = preSolution
		HideSolutionNode = FALSE
	EndGlobalSection
	GlobalSection(ExtensibilityGlobals) = postSolution
		SolutionGuid = {3FC65FB8-37D5-4D11-BD7E-C532587C97B7}
	EndGlobalSection
EndGlobal
